// !$*UTF8*$!
{
	archiveVersion = 1;
	classes = {
	};
	objectVersion = 55;
	objects = {

/* Begin PBXBuildFile section */
		91FA8DCE2791D6C9004A24E1 /* TrainingAppReworkApp.swift in Sources */ = {isa = PBXBuildFile; fileRef = 91FA8DCD2791D6C9004A24E1 /* TrainingAppReworkApp.swift */; };
		91FA8DD02791D6C9004A24E1 /* ContentView.swift in Sources */ = {isa = PBXBuildFile; fileRef = 91FA8DCF2791D6C9004A24E1 /* ContentView.swift */; };
		91FA8DD22791D6CC004A24E1 /* Assets.xcassets in Resources */ = {isa = PBXBuildFile; fileRef = 91FA8DD12791D6CC004A24E1 /* Assets.xcassets */; };
		91FA8DD52791D6CC004A24E1 /* Preview Assets.xcassets in Resources */ = {isa = PBXBuildFile; fileRef = 91FA8DD42791D6CC004A24E1 /* Preview Assets.xcassets */; };
		91FA8DDF2791D6CD004A24E1 /* TrainingAppReworkTests.swift in Sources */ = {isa = PBXBuildFile; fileRef = 91FA8DDE2791D6CD004A24E1 /* TrainingAppReworkTests.swift */; };
		91FA8DE92791D6CD004A24E1 /* TrainingAppReworkUITests.swift in Sources */ = {isa = PBXBuildFile; fileRef = 91FA8DE82791D6CD004A24E1 /* TrainingAppReworkUITests.swift */; };
		91FA8DEB2791D6CD004A24E1 /* TrainingAppReworkUITestsLaunchTests.swift in Sources */ = {isa = PBXBuildFile; fileRef = 91FA8DEA2791D6CD004A24E1 /* TrainingAppReworkUITestsLaunchTests.swift */; };
		91FA8DF82791D779004A24E1 /* MenuView.swift in Sources */ = {isa = PBXBuildFile; fileRef = 91FA8DF72791D779004A24E1 /* MenuView.swift */; };
		91FA8DFA2791D7C0004A24E1 /* FavoriteExercisesView.swift in Sources */ = {isa = PBXBuildFile; fileRef = 91FA8DF92791D7C0004A24E1 /* FavoriteExercisesView.swift */; };
		91FA8DFC2791D7D4004A24E1 /* MuscleCategoryView.swift in Sources */ = {isa = PBXBuildFile; fileRef = 91FA8DFB2791D7D4004A24E1 /* MuscleCategoryView.swift */; };
		91FA8DFE2796EA1F004A24E1 /* ExercisesView.swift in Sources */ = {isa = PBXBuildFile; fileRef = 91FA8DFD2796EA1F004A24E1 /* ExercisesView.swift */; };
		91FA8E132799A864004A24E1 /* GoogleService-Info.plist in Resources */ = {isa = PBXBuildFile; fileRef = 91FA8E122799A863004A24E1 /* GoogleService-Info.plist */; };
		91FA8E162799A937004A24E1 /* FirebaseAuth in Frameworks */ = {isa = PBXBuildFile; productRef = 91FA8E152799A937004A24E1 /* FirebaseAuth */; };
/* End PBXBuildFile section */

/* Begin PBXContainerItemProxy section */
		91FA8DDB2791D6CD004A24E1 /* PBXContainerItemProxy */ = {
			isa = PBXContainerItemProxy;
			containerPortal = 91FA8DC22791D6C8004A24E1 /* Project object */;
			proxyType = 1;
			remoteGlobalIDString = 91FA8DC92791D6C9004A24E1;
			remoteInfo = TrainingAppRework;
		};
		91FA8DE52791D6CD004A24E1 /* PBXContainerItemProxy */ = {
			isa = PBXContainerItemProxy;
			containerPortal = 91FA8DC22791D6C8004A24E1 /* Project object */;
			proxyType = 1;
			remoteGlobalIDString = 91FA8DC92791D6C9004A24E1;
			remoteInfo = TrainingAppRework;
		};
/* End PBXContainerItemProxy section */

/* Begin PBXFileReference section */
		91FA8DCA2791D6C9004A24E1 /* TrainingAppRework.app */ = {isa = PBXFileReference; explicitFileType = wrapper.application; includeInIndex = 0; path = TrainingAppRework.app; sourceTree = BUILT_PRODUCTS_DIR; };
		91FA8DCD2791D6C9004A24E1 /* TrainingAppReworkApp.swift */ = {isa = PBXFileReference; lastKnownFileType = sourcecode.swift; path = TrainingAppReworkApp.swift; sourceTree = "<group>"; };
		91FA8DCF2791D6C9004A24E1 /* ContentView.swift */ = {isa = PBXFileReference; lastKnownFileType = sourcecode.swift; path = ContentView.swift; sourceTree = "<group>"; };
		91FA8DD12791D6CC004A24E1 /* Assets.xcassets */ = {isa = PBXFileReference; lastKnownFileType = folder.assetcatalog; path = Assets.xcassets; sourceTree = "<group>"; };
		91FA8DD42791D6CC004A24E1 /* Preview Assets.xcassets */ = {isa = PBXFileReference; lastKnownFileType = folder.assetcatalog; path = "Preview Assets.xcassets"; sourceTree = "<group>"; };
		91FA8DDA2791D6CD004A24E1 /* TrainingAppReworkTests.xctest */ = {isa = PBXFileReference; explicitFileType = wrapper.cfbundle; includeInIndex = 0; path = TrainingAppReworkTests.xctest; sourceTree = BUILT_PRODUCTS_DIR; };
		91FA8DDE2791D6CD004A24E1 /* TrainingAppReworkTests.swift */ = {isa = PBXFileReference; lastKnownFileType = sourcecode.swift; path = TrainingAppReworkTests.swift; sourceTree = "<group>"; };
		91FA8DE42791D6CD004A24E1 /* TrainingAppReworkUITests.xctest */ = {isa = PBXFileReference; explicitFileType = wrapper.cfbundle; includeInIndex = 0; path = TrainingAppReworkUITests.xctest; sourceTree = BUILT_PRODUCTS_DIR; };
		91FA8DE82791D6CD004A24E1 /* TrainingAppReworkUITests.swift */ = {isa = PBXFileReference; lastKnownFileType = sourcecode.swift; path = TrainingAppReworkUITests.swift; sourceTree = "<group>"; };
		91FA8DEA2791D6CD004A24E1 /* TrainingAppReworkUITestsLaunchTests.swift */ = {isa = PBXFileReference; lastKnownFileType = sourcecode.swift; path = TrainingAppReworkUITestsLaunchTests.swift; sourceTree = "<group>"; };
		91FA8DF72791D779004A24E1 /* MenuView.swift */ = {isa = PBXFileReference; lastKnownFileType = sourcecode.swift; path = MenuView.swift; sourceTree = "<group>"; };
		91FA8DF92791D7C0004A24E1 /* FavoriteExercisesView.swift */ = {isa = PBXFileReference; lastKnownFileType = sourcecode.swift; path = FavoriteExercisesView.swift; sourceTree = "<group>"; };
		91FA8DFB2791D7D4004A24E1 /* MuscleCategoryView.swift */ = {isa = PBXFileReference; lastKnownFileType = sourcecode.swift; path = MuscleCategoryView.swift; sourceTree = "<group>"; };
		91FA8DFD2796EA1F004A24E1 /* ExercisesView.swift */ = {isa = PBXFileReference; lastKnownFileType = sourcecode.swift; path = ExercisesView.swift; sourceTree = "<group>"; };
		91FA8E122799A863004A24E1 /* GoogleService-Info.plist */ = {isa = PBXFileReference; fileEncoding = 4; lastKnownFileType = text.plist.xml; path = "GoogleService-Info.plist"; sourceTree = "<group>"; };
/* End PBXFileReference section */

/* Begin PBXFrameworksBuildPhase section */
		91FA8DC72791D6C9004A24E1 /* Frameworks */ = {
			isa = PBXFrameworksBuildPhase;
			buildActionMask = 2147483647;
			files = (
				91FA8E162799A937004A24E1 /* FirebaseAuth in Frameworks */,
			);
			runOnlyForDeploymentPostprocessing = 0;
		};
		91FA8DD72791D6CD004A24E1 /* Frameworks */ = {
			isa = PBXFrameworksBuildPhase;
			buildActionMask = 2147483647;
			files = (
			);
			runOnlyForDeploymentPostprocessing = 0;
		};
		91FA8DE12791D6CD004A24E1 /* Frameworks */ = {
			isa = PBXFrameworksBuildPhase;
			buildActionMask = 2147483647;
			files = (
			);
			runOnlyForDeploymentPostprocessing = 0;
		};
/* End PBXFrameworksBuildPhase section */

/* Begin PBXGroup section */
		91FA8DC12791D6C8004A24E1 = {
			isa = PBXGroup;
			children = (
				91FA8DCC2791D6C9004A24E1 /* TrainingAppRework */,
				91FA8DDD2791D6CD004A24E1 /* TrainingAppReworkTests */,
				91FA8DE72791D6CD004A24E1 /* TrainingAppReworkUITests */,
				91FA8DCB2791D6C9004A24E1 /* Products */,
			);
			sourceTree = "<group>";
		};
		91FA8DCB2791D6C9004A24E1 /* Products */ = {
			isa = PBXGroup;
			children = (
				91FA8DCA2791D6C9004A24E1 /* TrainingAppRework.app */,
				91FA8DDA2791D6CD004A24E1 /* TrainingAppReworkTests.xctest */,
				91FA8DE42791D6CD004A24E1 /* TrainingAppReworkUITests.xctest */,
			);
			name = Products;
			sourceTree = "<group>";
		};
		91FA8DCC2791D6C9004A24E1 /* TrainingAppRework */ = {
			isa = PBXGroup;
			children = (
				91FA8E122799A863004A24E1 /* GoogleService-Info.plist */,
				91FA8DCD2791D6C9004A24E1 /* TrainingAppReworkApp.swift */,
				91FA8DCF2791D6C9004A24E1 /* ContentView.swift */,
				91FA8DF72791D779004A24E1 /* MenuView.swift */,
				91FA8DFB2791D7D4004A24E1 /* MuscleCategoryView.swift */,
				91FA8DFD2796EA1F004A24E1 /* ExercisesView.swift */,
				91FA8DF92791D7C0004A24E1 /* FavoriteExercisesView.swift */,
				91FA8DD12791D6CC004A24E1 /* Assets.xcassets */,
				91FA8DD32791D6CC004A24E1 /* Preview Content */,
			);
			path = TrainingAppRework;
			sourceTree = "<group>";
		};
		91FA8DD32791D6CC004A24E1 /* Preview Content */ = {
			isa = PBXGroup;
			children = (
				91FA8DD42791D6CC004A24E1 /* Preview Assets.xcassets */,
			);
			path = "Preview Content";
			sourceTree = "<group>";
		};
		91FA8DDD2791D6CD004A24E1 /* TrainingAppReworkTests */ = {
			isa = PBXGroup;
			children = (
				91FA8DDE2791D6CD004A24E1 /* TrainingAppReworkTests.swift */,
			);
			path = TrainingAppReworkTests;
			sourceTree = "<group>";
		};
		91FA8DE72791D6CD004A24E1 /* TrainingAppReworkUITests */ = {
			isa = PBXGroup;
			children = (
				91FA8DE82791D6CD004A24E1 /* TrainingAppReworkUITests.swift */,
				91FA8DEA2791D6CD004A24E1 /* TrainingAppReworkUITestsLaunchTests.swift */,
			);
			path = TrainingAppReworkUITests;
			sourceTree = "<group>";
		};
/* End PBXGroup section */

/* Begin PBXNativeTarget section */
		91FA8DC92791D6C9004A24E1 /* TrainingAppRework */ = {
			isa = PBXNativeTarget;
			buildConfigurationList = 91FA8DEE2791D6CD004A24E1 /* Build configuration list for PBXNativeTarget "TrainingAppRework" */;
			buildPhases = (
				91FA8DC62791D6C9004A24E1 /* Sources */,
				91FA8DC72791D6C9004A24E1 /* Frameworks */,
				91FA8DC82791D6C9004A24E1 /* Resources */,
			);
			buildRules = (
			);
			dependencies = (
			);
			name = TrainingAppRework;
			packageProductDependencies = (
				91FA8E152799A937004A24E1 /* FirebaseAuth */,
			);
			productName = TrainingAppRework;
			productReference = 91FA8DCA2791D6C9004A24E1 /* TrainingAppRework.app */;
			productType = "com.apple.product-type.application";
		};
		91FA8DD92791D6CD004A24E1 /* TrainingAppReworkTests */ = {
			isa = PBXNativeTarget;
			buildConfigurationList = 91FA8DF12791D6CD004A24E1 /* Build configuration list for PBXNativeTarget "TrainingAppReworkTests" */;
			buildPhases = (
				91FA8DD62791D6CD004A24E1 /* Sources */,
				91FA8DD72791D6CD004A24E1 /* Frameworks */,
				91FA8DD82791D6CD004A24E1 /* Resources */,
			);
			buildRules = (
			);
			dependencies = (
				91FA8DDC2791D6CD004A24E1 /* PBXTargetDependency */,
			);
			name = TrainingAppReworkTests;
			productName = TrainingAppReworkTests;
			productReference = 91FA8DDA2791D6CD004A24E1 /* TrainingAppReworkTests.xctest */;
			productType = "com.apple.product-type.bundle.unit-test";
		};
		91FA8DE32791D6CD004A24E1 /* TrainingAppReworkUITests */ = {
			isa = PBXNativeTarget;
			buildConfigurationList = 91FA8DF42791D6CD004A24E1 /* Build configuration list for PBXNativeTarget "TrainingAppReworkUITests" */;
			buildPhases = (
				91FA8DE02791D6CD004A24E1 /* Sources */,
				91FA8DE12791D6CD004A24E1 /* Frameworks */,
				91FA8DE22791D6CD004A24E1 /* Resources */,
			);
			buildRules = (
			);
			dependencies = (
				91FA8DE62791D6CD004A24E1 /* PBXTargetDependency */,
			);
			name = TrainingAppReworkUITests;
			productName = TrainingAppReworkUITests;
			productReference = 91FA8DE42791D6CD004A24E1 /* TrainingAppReworkUITests.xctest */;
			productType = "com.apple.product-type.bundle.ui-testing";
		};
/* End PBXNativeTarget section */

/* Begin PBXProject section */
		91FA8DC22791D6C8004A24E1 /* Project object */ = {
			isa = PBXProject;
			attributes = {
				BuildIndependentTargetsInParallel = 1;
				LastSwiftUpdateCheck = 1320;
				LastUpgradeCheck = 1320;
				TargetAttributes = {
					91FA8DC92791D6C9004A24E1 = {
						CreatedOnToolsVersion = 13.2.1;
					};
					91FA8DD92791D6CD004A24E1 = {
						CreatedOnToolsVersion = 13.2.1;
						TestTargetID = 91FA8DC92791D6C9004A24E1;
					};
					91FA8DE32791D6CD004A24E1 = {
						CreatedOnToolsVersion = 13.2.1;
						TestTargetID = 91FA8DC92791D6C9004A24E1;
					};
				};
			};
			buildConfigurationList = 91FA8DC52791D6C8004A24E1 /* Build configuration list for PBXProject "TrainingAppRework" */;
			compatibilityVersion = "Xcode 13.0";
			developmentRegion = en;
			hasScannedForEncodings = 0;
			knownRegions = (
				en,
				Base,
			);
			mainGroup = 91FA8DC12791D6C8004A24E1;
			packageReferences = (
				91FA8E142799A937004A24E1 /* XCRemoteSwiftPackageReference "firebase-ios-sdk" */,
			);
			productRefGroup = 91FA8DCB2791D6C9004A24E1 /* Products */;
			projectDirPath = "";
			projectRoot = "";
			targets = (
				91FA8DC92791D6C9004A24E1 /* TrainingAppRework */,
				91FA8DD92791D6CD004A24E1 /* TrainingAppReworkTests */,
				91FA8DE32791D6CD004A24E1 /* TrainingAppReworkUITests */,
			);
		};
/* End PBXProject section */

/* Begin PBXResourcesBuildPhase section */
		91FA8DC82791D6C9004A24E1 /* Resources */ = {
			isa = PBXResourcesBuildPhase;
			buildActionMask = 2147483647;
			files = (
				91FA8DD52791D6CC004A24E1 /* Preview Assets.xcassets in Resources */,
				91FA8DD22791D6CC004A24E1 /* Assets.xcassets in Resources */,
				91FA8E132799A864004A24E1 /* GoogleService-Info.plist in Resources */,
			);
			runOnlyForDeploymentPostprocessing = 0;
		};
		91FA8DD82791D6CD004A24E1 /* Resources */ = {
			isa = PBXResourcesBuildPhase;
			buildActionMask = 2147483647;
			files = (
			);
			runOnlyForDeploymentPostprocessing = 0;
		};
		91FA8DE22791D6CD004A24E1 /* Resources */ = {
			isa = PBXResourcesBuildPhase;
			buildActionMask = 2147483647;
			files = (
			);
			runOnlyForDeploymentPostprocessing = 0;
		};
/* End PBXResourcesBuildPhase section */

/* Begin PBXSourcesBuildPhase section */
		91FA8DC62791D6C9004A24E1 /* Sources */ = {
			isa = PBXSourcesBuildPhase;
			buildActionMask = 2147483647;
			files = (
				91FA8DFE2796EA1F004A24E1 /* ExercisesView.swift in Sources */,
				91FA8DFC2791D7D4004A24E1 /* MuscleCategoryView.swift in Sources */,
				91FA8DFA2791D7C0004A24E1 /* FavoriteExercisesView.swift in Sources */,
				91FA8DD02791D6C9004A24E1 /* ContentView.swift in Sources */,
				91FA8DF82791D779004A24E1 /* MenuView.swift in Sources */,
				91FA8DCE2791D6C9004A24E1 /* TrainingAppReworkApp.swift in Sources */,
			);
			runOnlyForDeploymentPostprocessing = 0;
		};
		91FA8DD62791D6CD004A24E1 /* Sources */ = {
			isa = PBXSourcesBuildPhase;
			buildActionMask = 2147483647;
			files = (
				91FA8DDF2791D6CD004A24E1 /* TrainingAppReworkTests.swift in Sources */,
			);
			runOnlyForDeploymentPostprocessing = 0;
		};
		91FA8DE02791D6CD004A24E1 /* Sources */ = {
			isa = PBXSourcesBuildPhase;
			buildActionMask = 2147483647;
			files = (
				91FA8DEB2791D6CD004A24E1 /* TrainingAppReworkUITestsLaunchTests.swift in Sources */,
				91FA8DE92791D6CD004A24E1 /* TrainingAppReworkUITests.swift in Sources */,
			);
			runOnlyForDeploymentPostprocessing = 0;
		};
/* End PBXSourcesBuildPhase section */

/* Begin PBXTargetDependency section */
		91FA8DDC2791D6CD004A24E1 /* PBXTargetDependency */ = {
			isa = PBXTargetDependency;
			target = 91FA8DC92791D6C9004A24E1 /* TrainingAppRework */;
			targetProxy = 91FA8DDB2791D6CD004A24E1 /* PBXContainerItemProxy */;
		};
		91FA8DE62791D6CD004A24E1 /* PBXTargetDependency */ = {
			isa = PBXTargetDependency;
			target = 91FA8DC92791D6C9004A24E1 /* TrainingAppRework */;
			targetProxy = 91FA8DE52791D6CD004A24E1 /* PBXContainerItemProxy */;
		};
/* End PBXTargetDependency section */

/* Begin XCBuildConfiguration section */
		91FA8DEC2791D6CD004A24E1 /* Debug */ = {
			isa = XCBuildConfiguration;
			buildSettings = {
				ALWAYS_SEARCH_USER_PATHS = NO;
				CLANG_ANALYZER_NONNULL = YES;
				CLANG_ANALYZER_NUMBER_OBJECT_CONVERSION = YES_AGGRESSIVE;
				CLANG_CXX_LANGUAGE_STANDARD = "gnu++17";
				CLANG_CXX_LIBRARY = "libc++";
				CLANG_ENABLE_MODULES = YES;
				CLANG_ENABLE_OBJC_ARC = YES;
				CLANG_ENABLE_OBJC_WEAK = YES;
				CLANG_WARN_BLOCK_CAPTURE_AUTORELEASING = YES;
				CLANG_WARN_BOOL_CONVERSION = YES;
				CLANG_WARN_COMMA = YES;
				CLANG_WARN_CONSTANT_CONVERSION = YES;
				CLANG_WARN_DEPRECATED_OBJC_IMPLEMENTATIONS = YES;
				CLANG_WARN_DIRECT_OBJC_ISA_USAGE = YES_ERROR;
				CLANG_WARN_DOCUMENTATION_COMMENTS = YES;
				CLANG_WARN_EMPTY_BODY = YES;
				CLANG_WARN_ENUM_CONVERSION = YES;
				CLANG_WARN_INFINITE_RECURSION = YES;
				CLANG_WARN_INT_CONVERSION = YES;
				CLANG_WARN_NON_LITERAL_NULL_CONVERSION = YES;
				CLANG_WARN_OBJC_IMPLICIT_RETAIN_SELF = YES;
				CLANG_WARN_OBJC_LITERAL_CONVERSION = YES;
				CLANG_WARN_OBJC_ROOT_CLASS = YES_ERROR;
				CLANG_WARN_QUOTED_INCLUDE_IN_FRAMEWORK_HEADER = YES;
				CLANG_WARN_RANGE_LOOP_ANALYSIS = YES;
				CLANG_WARN_STRICT_PROTOTYPES = YES;
				CLANG_WARN_SUSPICIOUS_MOVE = YES;
				CLANG_WARN_UNGUARDED_AVAILABILITY = YES_AGGRESSIVE;
				CLANG_WARN_UNREACHABLE_CODE = YES;
				CLANG_WARN__DUPLICATE_METHOD_MATCH = YES;
				COPY_PHASE_STRIP = NO;
				DEBUG_INFORMATION_FORMAT = dwarf;
				ENABLE_STRICT_OBJC_MSGSEND = YES;
				ENABLE_TESTABILITY = YES;
				GCC_C_LANGUAGE_STANDARD = gnu11;
				GCC_DYNAMIC_NO_PIC = NO;
				GCC_NO_COMMON_BLOCKS = YES;
				GCC_OPTIMIZATION_LEVEL = 0;
				GCC_PREPROCESSOR_DEFINITIONS = (
					"DEBUG=1",
					"$(inherited)",
				);
				GCC_WARN_64_TO_32_BIT_CONVERSION = YES;
				GCC_WARN_ABOUT_RETURN_TYPE = YES_ERROR;
				GCC_WARN_UNDECLARED_SELECTOR = YES;
				GCC_WARN_UNINITIALIZED_AUTOS = YES_AGGRESSIVE;
				GCC_WARN_UNUSED_FUNCTION = YES;
				GCC_WARN_UNUSED_VARIABLE = YES;
				IPHONEOS_DEPLOYMENT_TARGET = 15.2;
				MTL_ENABLE_DEBUG_INFO = INCLUDE_SOURCE;
				MTL_FAST_MATH = YES;
				ONLY_ACTIVE_ARCH = YES;
				SDKROOT = iphoneos;
				SWIFT_ACTIVE_COMPILATION_CONDITIONS = DEBUG;
				SWIFT_OPTIMIZATION_LEVEL = "-Onone";
			};
			name = Debug;
		};
		91FA8DED2791D6CD004A24E1 /* Release */ = {
			isa = XCBuildConfiguration;
			buildSettings = {
				ALWAYS_SEARCH_USER_PATHS = NO;
				CLANG_ANALYZER_NONNULL = YES;
				CLANG_ANALYZER_NUMBER_OBJECT_CONVERSION = YES_AGGRESSIVE;
				CLANG_CXX_LANGUAGE_STANDARD = "gnu++17";
				CLANG_CXX_LIBRARY = "libc++";
				CLANG_ENABLE_MODULES = YES;
				CLANG_ENABLE_OBJC_ARC = YES;
				CLANG_ENABLE_OBJC_WEAK = YES;
				CLANG_WARN_BLOCK_CAPTURE_AUTORELEASING = YES;
				CLANG_WARN_BOOL_CONVERSION = YES;
				CLANG_WARN_COMMA = YES;
				CLANG_WARN_CONSTANT_CONVERSION = YES;
				CLANG_WARN_DEPRECATED_OBJC_IMPLEMENTATIONS = YES;
				CLANG_WARN_DIRECT_OBJC_ISA_USAGE = YES_ERROR;
				CLANG_WARN_DOCUMENTATION_COMMENTS = YES;
				CLANG_WARN_EMPTY_BODY = YES;
				CLANG_WARN_ENUM_CONVERSION = YES;
				CLANG_WARN_INFINITE_RECURSION = YES;
				CLANG_WARN_INT_CONVERSION = YES;
				CLANG_WARN_NON_LITERAL_NULL_CONVERSION = YES;
				CLANG_WARN_OBJC_IMPLICIT_RETAIN_SELF = YES;
				CLANG_WARN_OBJC_LITERAL_CONVERSION = YES;
				CLANG_WARN_OBJC_ROOT_CLASS = YES_ERROR;
				CLANG_WARN_QUOTED_INCLUDE_IN_FRAMEWORK_HEADER = YES;
				CLANG_WARN_RANGE_LOOP_ANALYSIS = YES;
				CLANG_WARN_STRICT_PROTOTYPES = YES;
				CLANG_WARN_SUSPICIOUS_MOVE = YES;
				CLANG_WARN_UNGUARDED_AVAILABILITY = YES_AGGRESSIVE;
				CLANG_WARN_UNREACHABLE_CODE = YES;
				CLANG_WARN__DUPLICATE_METHOD_MATCH = YES;
				COPY_PHASE_STRIP = NO;
				DEBUG_INFORMATION_FORMAT = "dwarf-with-dsym";
				ENABLE_NS_ASSERTIONS = NO;
				ENABLE_STRICT_OBJC_MSGSEND = YES;
				GCC_C_LANGUAGE_STANDARD = gnu11;
				GCC_NO_COMMON_BLOCKS = YES;
				GCC_WARN_64_TO_32_BIT_CONVERSION = YES;
				GCC_WARN_ABOUT_RETURN_TYPE = YES_ERROR;
				GCC_WARN_UNDECLARED_SELECTOR = YES;
				GCC_WARN_UNINITIALIZED_AUTOS = YES_AGGRESSIVE;
				GCC_WARN_UNUSED_FUNCTION = YES;
				GCC_WARN_UNUSED_VARIABLE = YES;
				IPHONEOS_DEPLOYMENT_TARGET = 15.2;
				MTL_ENABLE_DEBUG_INFO = NO;
				MTL_FAST_MATH = YES;
				SDKROOT = iphoneos;
				SWIFT_COMPILATION_MODE = wholemodule;
				SWIFT_OPTIMIZATION_LEVEL = "-O";
				VALIDATE_PRODUCT = YES;
			};
			name = Release;
		};
		91FA8DEF2791D6CD004A24E1 /* Debug */ = {
			isa = XCBuildConfiguration;
			buildSettings = {
				ASSETCATALOG_COMPILER_APPICON_NAME = AppIcon;
				ASSETCATALOG_COMPILER_GLOBAL_ACCENT_COLOR_NAME = AccentColor;
				CODE_SIGN_STYLE = Automatic;
				CURRENT_PROJECT_VERSION = 1;
				DEVELOPMENT_ASSET_PATHS = "\"TrainingAppRework/Preview Content\"";
				ENABLE_PREVIEWS = YES;
				GENERATE_INFOPLIST_FILE = YES;
				INFOPLIST_KEY_UIApplicationSceneManifest_Generation = YES;
				INFOPLIST_KEY_UIApplicationSupportsIndirectInputEvents = YES;
				INFOPLIST_KEY_UILaunchScreen_Generation = YES;
				INFOPLIST_KEY_UISupportedInterfaceOrientations_iPad = "UIInterfaceOrientationPortrait UIInterfaceOrientationPortraitUpsideDown UIInterfaceOrientationLandscapeLeft UIInterfaceOrientationLandscapeRight";
				INFOPLIST_KEY_UISupportedInterfaceOrientations_iPhone = "UIInterfaceOrientationPortrait UIInterfaceOrientationLandscapeLeft UIInterfaceOrientationLandscapeRight";
				LD_RUNPATH_SEARCH_PATHS = (
					"$(inherited)",
					"@executable_path/Frameworks",
				);
				MARKETING_VERSION = 1.0;
				PRODUCT_BUNDLE_IDENTIFIER = com.example.TrainingAppRework;
				PRODUCT_NAME = "$(TARGET_NAME)";
				SWIFT_EMIT_LOC_STRINGS = YES;
				SWIFT_VERSION = 5.0;
				TARGETED_DEVICE_FAMILY = "1,2";
			};
			name = Debug;
		};
		91FA8DF02791D6CD004A24E1 /* Release */ = {
			isa = XCBuildConfiguration;
			buildSettings = {
				ASSETCATALOG_COMPILER_APPICON_NAME = AppIcon;
				ASSETCATALOG_COMPILER_GLOBAL_ACCENT_COLOR_NAME = AccentColor;
				CODE_SIGN_STYLE = Automatic;
				CURRENT_PROJECT_VERSION = 1;
				DEVELOPMENT_ASSET_PATHS = "\"TrainingAppRework/Preview Content\"";
				ENABLE_PREVIEWS = YES;
				GENERATE_INFOPLIST_FILE = YES;
				INFOPLIST_KEY_UIApplicationSceneManifest_Generation = YES;
				INFOPLIST_KEY_UIApplicationSupportsIndirectInputEvents = YES;
				INFOPLIST_KEY_UILaunchScreen_Generation = YES;
				INFOPLIST_KEY_UISupportedInterfaceOrientations_iPad = "UIInterfaceOrientationPortrait UIInterfaceOrientationPortraitUpsideDown UIInterfaceOrientationLandscapeLeft UIInterfaceOrientationLandscapeRight";
				INFOPLIST_KEY_UISupportedInterfaceOrientations_iPhone = "UIInterfaceOrientationPortrait UIInterfaceOrientationLandscapeLeft UIInterfaceOrientationLandscapeRight";
				LD_RUNPATH_SEARCH_PATHS = (
					"$(inherited)",
					"@executable_path/Frameworks",
				);
				MARKETING_VERSION = 1.0;
				PRODUCT_BUNDLE_IDENTIFIER = com.example.TrainingAppRework;
				PRODUCT_NAME = "$(TARGET_NAME)";
				SWIFT_EMIT_LOC_STRINGS = YES;
				SWIFT_VERSION = 5.0;
				TARGETED_DEVICE_FAMILY = "1,2";
			};
			name = Release;
		};
		91FA8DF22791D6CD004A24E1 /* Debug */ = {
			isa = XCBuildConfiguration;
			buildSettings = {
				ALWAYS_EMBED_SWIFT_STANDARD_LIBRARIES = YES;
				BUNDLE_LOADER = "$(TEST_HOST)";
				CODE_SIGN_STYLE = Automatic;
				CURRENT_PROJECT_VERSION = 1;
				GENERATE_INFOPLIST_FILE = YES;
				IPHONEOS_DEPLOYMENT_TARGET = 15.2;
				MARKETING_VERSION = 1.0;
				PRODUCT_BUNDLE_IDENTIFIER = com.example.TrainingAppReworkTests;
				PRODUCT_NAME = "$(TARGET_NAME)";
				SWIFT_EMIT_LOC_STRINGS = NO;
				SWIFT_VERSION = 5.0;
				TARGETED_DEVICE_FAMILY = "1,2";
				TEST_HOST = "$(BUILT_PRODUCTS_DIR)/TrainingAppRework.app/TrainingAppRework";
			};
			name = Debug;
		};
		91FA8DF32791D6CD004A24E1 /* Release */ = {
			isa = XCBuildConfiguration;
			buildSettings = {
				ALWAYS_EMBED_SWIFT_STANDARD_LIBRARIES = YES;
				BUNDLE_LOADER = "$(TEST_HOST)";
				CODE_SIGN_STYLE = Automatic;
				CURRENT_PROJECT_VERSION = 1;
				GENERATE_INFOPLIST_FILE = YES;
				IPHONEOS_DEPLOYMENT_TARGET = 15.2;
				MARKETING_VERSION = 1.0;
				PRODUCT_BUNDLE_IDENTIFIER = com.example.TrainingAppReworkTests;
				PRODUCT_NAME = "$(TARGET_NAME)";
				SWIFT_EMIT_LOC_STRINGS = NO;
				SWIFT_VERSION = 5.0;
				TARGETED_DEVICE_FAMILY = "1,2";
				TEST_HOST = "$(BUILT_PRODUCTS_DIR)/TrainingAppRework.app/TrainingAppRework";
			};
			name = Release;
		};
		91FA8DF52791D6CD004A24E1 /* Debug */ = {
			isa = XCBuildConfiguration;
			buildSettings = {
				ALWAYS_EMBED_SWIFT_STANDARD_LIBRARIES = YES;
				CODE_SIGN_STYLE = Automatic;
				CURRENT_PROJECT_VERSION = 1;
				GENERATE_INFOPLIST_FILE = YES;
				MARKETING_VERSION = 1.0;
				PRODUCT_BUNDLE_IDENTIFIER = com.example.TrainingAppReworkUITests;
				PRODUCT_NAME = "$(TARGET_NAME)";
				SWIFT_EMIT_LOC_STRINGS = NO;
				SWIFT_VERSION = 5.0;
				TARGETED_DEVICE_FAMILY = "1,2";
				TEST_TARGET_NAME = TrainingAppRework;
			};
			name = Debug;
		};
		91FA8DF62791D6CD004A24E1 /* Release */ = {
			isa = XCBuildConfiguration;
			buildSettings = {
				ALWAYS_EMBED_SWIFT_STANDARD_LIBRARIES = YES;
				CODE_SIGN_STYLE = Automatic;
				CURRENT_PROJECT_VERSION = 1;
				GENERATE_INFOPLIST_FILE = YES;
				MARKETING_VERSION = 1.0;
				PRODUCT_BUNDLE_IDENTIFIER = com.example.TrainingAppReworkUITests;
				PRODUCT_NAME = "$(TARGET_NAME)";
				SWIFT_EMIT_LOC_STRINGS = NO;
				SWIFT_VERSION = 5.0;
				TARGETED_DEVICE_FAMILY = "1,2";
				TEST_TARGET_NAME = TrainingAppRework;
			};
			name = Release;
		};
/* End XCBuildConfiguration section */

/* Begin XCConfigurationList section */
		91FA8DC52791D6C8004A24E1 /* Build configuration list for PBXProject "TrainingAppRework" */ = {
			isa = XCConfigurationList;
			buildConfigurations = (
				91FA8DEC2791D6CD004A24E1 /* Debug */,
				91FA8DED2791D6CD004A24E1 /* Release */,
			);
			defaultConfigurationIsVisible = 0;
			defaultConfigurationName = Release;
		};
		91FA8DEE2791D6CD004A24E1 /* Build configuration list for PBXNativeTarget "TrainingAppRework" */ = {
			isa = XCConfigurationList;
			buildConfigurations = (
				91FA8DEF2791D6CD004A24E1 /* Debug */,
				91FA8DF02791D6CD004A24E1 /* Release */,
			);
			defaultConfigurationIsVisible = 0;
			defaultConfigurationName = Release;
		};
		91FA8DF12791D6CD004A24E1 /* Build configuration list for PBXNativeTarget "TrainingAppReworkTests" */ = {
			isa = XCConfigurationList;
			buildConfigurations = (
				91FA8DF22791D6CD004A24E1 /* Debug */,
				91FA8DF32791D6CD004A24E1 /* Release */,
			);
			defaultConfigurationIsVisible = 0;
			defaultConfigurationName = Release;
		};
		91FA8DF42791D6CD004A24E1 /* Build configuration list for PBXNativeTarget "TrainingAppReworkUITests" */ = {
			isa = XCConfigurationList;
			buildConfigurations = (
				91FA8DF52791D6CD004A24E1 /* Debug */,
				91FA8DF62791D6CD004A24E1 /* Release */,
			);
			defaultConfigurationIsVisible = 0;
			defaultConfigurationName = Release;
		};
/* End XCConfigurationList section */

/* Begin XCRemoteSwiftPackageReference section */
		91FA8E142799A937004A24E1 /* XCRemoteSwiftPackageReference "firebase-ios-sdk" */ = {
			isa = XCRemoteSwiftPackageReference;
			repositoryURL = "https://github.com/firebase/firebase-ios-sdk";
			requirement = {
				branch = master;
				kind = branch;
			};
		};
/* End XCRemoteSwiftPackageReference section */

/* Begin XCSwiftPackageProductDependency section */
		91FA8E152799A937004A24E1 /* FirebaseAuth */ = {
			isa = XCSwiftPackageProductDependency;
			package = 91FA8E142799A937004A24E1 /* XCRemoteSwiftPackageReference "firebase-ios-sdk" */;
			productName = FirebaseAuth;
		};
/* End XCSwiftPackageProductDependency section */
	};
	rootObject = 91FA8DC22791D6C8004A24E1 /* Project object */;
}
